// !$*UTF8*$!
{
	archiveVersion = 1;
	classes = {
	};
	objectVersion = 48;
	objects = {

/* Begin PBXBuildFile section */
		214DBD8920D31E860047958E /* AppDelegate.swift in Sources */ = {isa = PBXBuildFile; fileRef = 214DBD8820D31E860047958E /* AppDelegate.swift */; };
		214DBD8E20D31E860047958E /* Main.storyboard in Resources */ = {isa = PBXBuildFile; fileRef = 214DBD8C20D31E860047958E /* Main.storyboard */; };
		214DBD9020D31E860047958E /* Assets.xcassets in Resources */ = {isa = PBXBuildFile; fileRef = 214DBD8F20D31E860047958E /* Assets.xcassets */; };
		214DBD9320D31E860047958E /* LaunchScreen.storyboard in Resources */ = {isa = PBXBuildFile; fileRef = 214DBD9120D31E860047958E /* LaunchScreen.storyboard */; };
		214DBDA220D31EAC0047958E /* ViewController.swift in Sources */ = {isa = PBXBuildFile; fileRef = 214DBD9A20D31EA80047958E /* ViewController.swift */; };
		214DBDA320D31EAC0047958E /* CVPixelBuffer+Helpers.swift in Sources */ = {isa = PBXBuildFile; fileRef = 214DBD9B20D31EA80047958E /* CVPixelBuffer+Helpers.swift */; };
		214DBDA420D31EAC0047958E /* UIImage+CVPixelBuffer.swift in Sources */ = {isa = PBXBuildFile; fileRef = 214DBD9C20D31EA90047958E /* UIImage+CVPixelBuffer.swift */; };
		214DBDA520D31EAC0047958E /* BoundingBox.swift in Sources */ = {isa = PBXBuildFile; fileRef = 214DBD9D20D31EA90047958E /* BoundingBox.swift */; };
		214DBDA620D31EAC0047958E /* VideoCapture.swift in Sources */ = {isa = PBXBuildFile; fileRef = 214DBD9E20D31EA90047958E /* VideoCapture.swift */; };
		214DBDA720D31EAC0047958E /* YOLO.swift in Sources */ = {isa = PBXBuildFile; fileRef = 214DBD9F20D31EA90047958E /* YOLO.swift */; };
		214DBDA820D31EAC0047958E /* TinyYOLO.mlmodel in Sources */ = {isa = PBXBuildFile; fileRef = 214DBDA020D31EAB0047958E /* TinyYOLO.mlmodel */; };
		214DBDA920D31EAC0047958E /* Helpers.swift in Sources */ = {isa = PBXBuildFile; fileRef = 214DBDA120D31EAC0047958E /* Helpers.swift */; };
/* End PBXBuildFile section */

/* Begin PBXFileReference section */
		214DBD8520D31E860047958E /* YoloDetection.app */ = {isa = PBXFileReference; explicitFileType = wrapper.application; includeInIndex = 0; path = YoloDetection.app; sourceTree = BUILT_PRODUCTS_DIR; };
		214DBD8820D31E860047958E /* AppDelegate.swift */ = {isa = PBXFileReference; lastKnownFileType = sourcecode.swift; path = AppDelegate.swift; sourceTree = "<group>"; };
		214DBD8D20D31E860047958E /* Base */ = {isa = PBXFileReference; lastKnownFileType = file.storyboard; name = Base; path = Base.lproj/Main.storyboard; sourceTree = "<group>"; };
		214DBD8F20D31E860047958E /* Assets.xcassets */ = {isa = PBXFileReference; lastKnownFileType = folder.assetcatalog; path = Assets.xcassets; sourceTree = "<group>"; };
		214DBD9220D31E860047958E /* Base */ = {isa = PBXFileReference; lastKnownFileType = file.storyboard; name = Base; path = Base.lproj/LaunchScreen.storyboard; sourceTree = "<group>"; };
		214DBD9420D31E860047958E /* Info.plist */ = {isa = PBXFileReference; lastKnownFileType = text.plist.xml; path = Info.plist; sourceTree = "<group>"; };
		214DBD9A20D31EA80047958E /* ViewController.swift */ = {isa = PBXFileReference; fileEncoding = 4; lastKnownFileType = sourcecode.swift; name = ViewController.swift; path = ../../ObjectDetector/ObjectDetector/ViewController.swift; sourceTree = "<group>"; };
		214DBD9B20D31EA80047958E /* CVPixelBuffer+Helpers.swift */ = {isa = PBXFileReference; fileEncoding = 4; lastKnownFileType = sourcecode.swift; path = "CVPixelBuffer+Helpers.swift"; sourceTree = "<group>"; };
		214DBD9C20D31EA90047958E /* UIImage+CVPixelBuffer.swift */ = {isa = PBXFileReference; fileEncoding = 4; lastKnownFileType = sourcecode.swift; path = "UIImage+CVPixelBuffer.swift"; sourceTree = "<group>"; };
		214DBD9D20D31EA90047958E /* BoundingBox.swift */ = {isa = PBXFileReference; fileEncoding = 4; lastKnownFileType = sourcecode.swift; path = BoundingBox.swift; sourceTree = "<group>"; };
		214DBD9E20D31EA90047958E /* VideoCapture.swift */ = {isa = PBXFileReference; fileEncoding = 4; lastKnownFileType = sourcecode.swift; path = VideoCapture.swift; sourceTree = "<group>"; };
		214DBD9F20D31EA90047958E /* YOLO.swift */ = {isa = PBXFileReference; fileEncoding = 4; lastKnownFileType = sourcecode.swift; path = YOLO.swift; sourceTree = "<group>"; };
		214DBDA020D31EAB0047958E /* TinyYOLO.mlmodel */ = {isa = PBXFileReference; lastKnownFileType = file.mlmodel; path = TinyYOLO.mlmodel; sourceTree = "<group>"; };
		214DBDA120D31EAC0047958E /* Helpers.swift */ = {isa = PBXFileReference; fileEncoding = 4; lastKnownFileType = sourcecode.swift; path = Helpers.swift; sourceTree = "<group>"; };
/* End PBXFileReference section */

/* Begin PBXFrameworksBuildPhase section */
		214DBD8220D31E860047958E /* Frameworks */ = {
			isa = PBXFrameworksBuildPhase;
			buildActionMask = 2147483647;
			files = (
			);
			runOnlyForDeploymentPostprocessing = 0;
		};
/* End PBXFrameworksBuildPhase section */

/* Begin PBXGroup section */
		214DBD7C20D31E860047958E = {
			isa = PBXGroup;
			children = (
				214DBD8720D31E860047958E /* YoloDetection */,
				214DBD8620D31E860047958E /* Products */,
			);
			sourceTree = "<group>";
		};
		214DBD8620D31E860047958E /* Products */ = {
			isa = PBXGroup;
			children = (
				214DBD8520D31E860047958E /* YoloDetection.app */,
			);
			name = Products;
			sourceTree = "<group>";
		};
		214DBD8720D31E860047958E /* YoloDetection */ = {
			isa = PBXGroup;
			children = (
				214DBD8820D31E860047958E /* AppDelegate.swift */,
				214DBD9D20D31EA90047958E /* BoundingBox.swift */,
				214DBD9B20D31EA80047958E /* CVPixelBuffer+Helpers.swift */,
				214DBDA120D31EAC0047958E /* Helpers.swift */,
				214DBDA020D31EAB0047958E /* TinyYOLO.mlmodel */,
				214DBD9C20D31EA90047958E /* UIImage+CVPixelBuffer.swift */,
				214DBD9E20D31EA90047958E /* VideoCapture.swift */,
				214DBD9A20D31EA80047958E /* ViewController.swift */,
				214DBD9F20D31EA90047958E /* YOLO.swift */,
				214DBD8C20D31E860047958E /* Main.storyboard */,
				214DBD8F20D31E860047958E /* Assets.xcassets */,
				214DBD9120D31E860047958E /* LaunchScreen.storyboard */,
				214DBD9420D31E860047958E /* Info.plist */,
			);
			path = YoloDetection;
			sourceTree = "<group>";
		};
/* End PBXGroup section */

/* Begin PBXNativeTarget section */
		214DBD8420D31E860047958E /* YoloDetection */ = {
			isa = PBXNativeTarget;
			buildConfigurationList = 214DBD9720D31E860047958E /* Build configuration list for PBXNativeTarget "YoloDetection" */;
			buildPhases = (
				214DBD8120D31E860047958E /* Sources */,
				214DBD8220D31E860047958E /* Frameworks */,
				214DBD8320D31E860047958E /* Resources */,
			);
			buildRules = (
			);
			dependencies = (
			);
			name = YoloDetection;
			productName = YoloDetection;
			productReference = 214DBD8520D31E860047958E /* YoloDetection.app */;
			productType = "com.apple.product-type.application";
		};
/* End PBXNativeTarget section */

/* Begin PBXProject section */
		214DBD7D20D31E860047958E /* Project object */ = {
			isa = PBXProject;
			attributes = {
				LastSwiftUpdateCheck = 0920;
				LastUpgradeCheck = 0920;
				ORGANIZATIONNAME = "Toby Kreiman";
				TargetAttributes = {
					214DBD8420D31E860047958E = {
						CreatedOnToolsVersion = 9.2;
						ProvisioningStyle = Automatic;
					};
				};
			};
			buildConfigurationList = 214DBD8020D31E860047958E /* Build configuration list for PBXProject "YoloDetection" */;
			compatibilityVersion = "Xcode 8.0";
			developmentRegion = en;
			hasScannedForEncodings = 0;
			knownRegions = (
				en,
				Base,
			);
			mainGroup = 214DBD7C20D31E860047958E;
			productRefGroup = 214DBD8620D31E860047958E /* Products */;
			projectDirPath = "";
			projectRoot = "";
			targets = (
				214DBD8420D31E860047958E /* YoloDetection */,
			);
		};
/* End PBXProject section */

/* Begin PBXResourcesBuildPhase section */
		214DBD8320D31E860047958E /* Resources */ = {
			isa = PBXResourcesBuildPhase;
			buildActionMask = 2147483647;
			files = (
				214DBD9320D31E860047958E /* LaunchScreen.storyboard in Resources */,
				214DBD9020D31E860047958E /* Assets.xcassets in Resources */,
				214DBD8E20D31E860047958E /* Main.storyboard in Resources */,
			);
			runOnlyForDeploymentPostprocessing = 0;
		};
/* End PBXResourcesBuildPhase section */

/* Begin PBXSourcesBuildPhase section */
		214DBD8120D31E860047958E /* Sources */ = {
			isa = PBXSourcesBuildPhase;
			buildActionMask = 2147483647;
			files = (
				214DBDA720D31EAC0047958E /* YOLO.swift in Sources */,
				214DBDA220D31EAC0047958E /* ViewController.swift in Sources */,
				214DBDA620D31EAC0047958E /* VideoCapture.swift in Sources */,
				214DBDA920D31EAC0047958E /* Helpers.swift in Sources */,
				214DBDA320D31EAC0047958E /* CVPixelBuffer+Helpers.swift in Sources */,
				214DBDA420D31EAC0047958E /* UIImage+CVPixelBuffer.swift in Sources */,
				214DBDA520D31EAC0047958E /* BoundingBox.swift in Sources */,
				214DBDA820D31EAC0047958E /* TinyYOLO.mlmodel in Sources */,
				214DBD8920D31E860047958E /* AppDelegate.swift in Sources */,
			);
			runOnlyForDeploymentPostprocessing = 0;
		};
/* End PBXSourcesBuildPhase section */

/* Begin PBXVariantGroup section */
		214DBD8C20D31E860047958E /* Main.storyboard */ = {
			isa = PBXVariantGroup;
			children = (
				214DBD8D20D31E860047958E /* Base */,
			);
			name = Main.storyboard;
			sourceTree = "<group>";
		};
		214DBD9120D31E860047958E /* LaunchScreen.storyboard */ = {
			isa = PBXVariantGroup;
			children = (
				214DBD9220D31E860047958E /* Base */,
			);
			name = LaunchScreen.storyboard;
			sourceTree = "<group>";
		};
/* End PBXVariantGroup section */

/* Begin XCBuildConfiguration section */
		214DBD9520D31E860047958E /* Debug */ = {
			isa = XCBuildConfiguration;
			buildSettings = {
				ALWAYS_SEARCH_USER_PATHS = NO;
				CLANG_ANALYZER_NONNULL = YES;
				CLANG_ANALYZER_NUMBER_OBJECT_CONVERSION = YES_AGGRESSIVE;
				CLANG_CXX_LANGUAGE_STANDARD = "gnu++14";
				CLANG_CXX_LIBRARY = "libc++";
				CLANG_ENABLE_MODULES = YES;
				CLANG_ENABLE_OBJC_ARC = YES;
				CLANG_WARN_BLOCK_CAPTURE_AUTORELEASING = YES;
				CLANG_WARN_BOOL_CONVERSION = YES;
				CLANG_WARN_COMMA = YES;
				CLANG_WARN_CONSTANT_CONVERSION = YES;
				CLANG_WARN_DIRECT_OBJC_ISA_USAGE = YES_ERROR;
				CLANG_WARN_DOCUMENTATION_COMMENTS = YES;
				CLANG_WARN_EMPTY_BODY = YES;
				CLANG_WARN_ENUM_CONVERSION = YES;
				CLANG_WARN_INFINITE_RECURSION = YES;
				CLANG_WARN_INT_CONVERSION = YES;
				CLANG_WARN_NON_LITERAL_NULL_CONVERSION = YES;
				CLANG_WARN_OBJC_LITERAL_CONVERSION = YES;
				CLANG_WARN_OBJC_ROOT_CLASS = YES_ERROR;
				CLANG_WARN_RANGE_LOOP_ANALYSIS = YES;
				CLANG_WARN_STRICT_PROTOTYPES = YES;
				CLANG_WARN_SUSPICIOUS_MOVE = YES;
				CLANG_WARN_UNGUARDED_AVAILABILITY = YES_AGGRESSIVE;
				CLANG_WARN_UNREACHABLE_CODE = YES;
				CLANG_WARN__DUPLICATE_METHOD_MATCH = YES;
				CODE_SIGN_IDENTITY = "iPhone Developer";
				COPY_PHASE_STRIP = NO;
				DEBUG_INFORMATION_FORMAT = dwarf;
				ENABLE_STRICT_OBJC_MSGSEND = YES;
				ENABLE_TESTABILITY = YES;
				GCC_C_LANGUAGE_STANDARD = gnu11;
				GCC_DYNAMIC_NO_PIC = NO;
				GCC_NO_COMMON_BLOCKS = YES;
				GCC_OPTIMIZATION_LEVEL = 0;
				GCC_PREPROCESSOR_DEFINITIONS = (
					"DEBUG=1",
					"$(inherited)",
				);
				GCC_WARN_64_TO_32_BIT_CONVERSION = YES;
				GCC_WARN_ABOUT_RETURN_TYPE = YES_ERROR;
				GCC_WARN_UNDECLARED_SELECTOR = YES;
				GCC_WARN_UNINITIALIZED_AUTOS = YES_AGGRESSIVE;
				GCC_WARN_UNUSED_FUNCTION = YES;
				GCC_WARN_UNUSED_VARIABLE = YES;
				IPHONEOS_DEPLOYMENT_TARGET = 11.2;
				MTL_ENABLE_DEBUG_INFO = YES;
				ONLY_ACTIVE_ARCH = YES;
				SDKROOT = iphoneos;
				SWIFT_ACTIVE_COMPILATION_CONDITIONS = DEBUG;
				SWIFT_OPTIMIZATION_LEVEL = "-Onone";
			};
			name = Debug;
		};
		214DBD9620D31E860047958E /* Release */ = {
			isa = XCBuildConfiguration;
			buildSettings = {
				ALWAYS_SEARCH_USER_PATHS = NO;
				CLANG_ANALYZER_NONNULL = YES;
				CLANG_ANALYZER_NUMBER_OBJECT_CONVERSION = YES_AGGRESSIVE;
				CLANG_CXX_LANGUAGE_STANDARD = "gnu++14";
				CLANG_CXX_LIBRARY = "libc++";
				CLANG_ENABLE_MODULES = YES;
				CLANG_ENABLE_OBJC_ARC = YES;
				CLANG_WARN_BLOCK_CAPTURE_AUTORELEASING = YES;
				CLANG_WARN_BOOL_CONVERSION = YES;
				CLANG_WARN_COMMA = YES;
				CLANG_WARN_CONSTANT_CONVERSION = YES;
				CLANG_WARN_DIRECT_OBJC_ISA_USAGE = YES_ERROR;
				CLANG_WARN_DOCUMENTATION_COMMENTS = YES;
				CLANG_WARN_EMPTY_BODY = YES;
				CLANG_WARN_ENUM_CONVERSION = YES;
				CLANG_WARN_INFINITE_RECURSION = YES;
				CLANG_WARN_INT_CONVERSION = YES;
				CLANG_WARN_NON_LITERAL_NULL_CONVERSION = YES;
				CLANG_WARN_OBJC_LITERAL_CONVERSION = YES;
				CLANG_WARN_OBJC_ROOT_CLASS = YES_ERROR;
				CLANG_WARN_RANGE_LOOP_ANALYSIS = YES;
				CLANG_WARN_STRICT_PROTOTYPES = YES;
				CLANG_WARN_SUSPICIOUS_MOVE = YES;
				CLANG_WARN_UNGUARDED_AVAILABILITY = YES_AGGRESSIVE;
				CLANG_WARN_UNREACHABLE_CODE = YES;
				CLANG_WARN__DUPLICATE_METHOD_MATCH = YES;
				CODE_SIGN_IDENTITY = "iPhone Developer";
				COPY_PHASE_STRIP = NO;
				DEBUG_INFORMATION_FORMAT = "dwarf-with-dsym";
				ENABLE_NS_ASSERTIONS = NO;
				ENABLE_STRICT_OBJC_MSGSEND = YES;
				GCC_C_LANGUAGE_STANDARD = gnu11;
				GCC_NO_COMMON_BLOCKS = YES;
				GCC_WARN_64_TO_32_BIT_CONVERSION = YES;
				GCC_WARN_ABOUT_RETURN_TYPE = YES_ERROR;
				GCC_WARN_UNDECLARED_SELECTOR = YES;
				GCC_WARN_UNINITIALIZED_AUTOS = YES_AGGRESSIVE;
				GCC_WARN_UNUSED_FUNCTION = YES;
				GCC_WARN_UNUSED_VARIABLE = YES;
				IPHONEOS_DEPLOYMENT_TARGET = 11.2;
				MTL_ENABLE_DEBUG_INFO = NO;
				SDKROOT = iphoneos;
				SWIFT_OPTIMIZATION_LEVEL = "-Owholemodule";
				VALIDATE_PRODUCT = YES;
			};
			name = Release;
		};
		214DBD9820D31E860047958E /* Debug */ = {
			isa = XCBuildConfiguration;
			buildSettings = {
				ASSETCATALOG_COMPILER_APPICON_NAME = AppIcon;
				CODE_SIGN_STYLE = Automatic;
				DEVELOPMENT_TEAM = LCX682S6EY;
				INFOPLIST_FILE = YoloDetection/Info.plist;
				IPHONEOS_DEPLOYMENT_TARGET = 11;
				LD_RUNPATH_SEARCH_PATHS = "$(inherited) @executable_path/Frameworks";
				PRODUCT_BUNDLE_IDENTIFIER = com.kreeapps.YoloDetection;
				PRODUCT_NAME = "$(TARGET_NAME)";
				SWIFT_VERSION = 4.0;
				TARGETED_DEVICE_FAMILY = "1,2";
			};
			name = Debug;
		};
		214DBD9920D31E860047958E /* Release */ = {
			isa = XCBuildConfiguration;
			buildSettings = {
				ASSETCATALOG_COMPILER_APPICON_NAME = AppIcon;
				CODE_SIGN_STYLE = Automatic;
				DEVELOPMENT_TEAM = LCX682S6EY;
				INFOPLIST_FILE = YoloDetection/Info.plist;
				IPHONEOS_DEPLOYMENT_TARGET = 11;
				LD_RUNPATH_SEARCH_PATHS = "$(inherited) @executable_path/Frameworks";
				PRODUCT_BUNDLE_IDENTIFIER = com.kreeapps.YoloDetection;
				PRODUCT_NAME = "$(TARGET_NAME)";
				SWIFT_VERSION = 4.0;
				TARGETED_DEVICE_FAMILY = "1,2";
			};
			name = Release;
		};
/* End XCBuildConfiguration section */

/* Begin XCConfigurationList section */
		214DBD8020D31E860047958E /* Build configuration list for PBXProject "YoloDetection" */ = {
			isa = XCConfigurationList;
			buildConfigurations = (
				214DBD9520D31E860047958E /* Debug */,
				214DBD9620D31E860047958E /* Release */,
			);
			defaultConfigurationIsVisible = 0;
			defaultConfigurationName = Release;
		};
		214DBD9720D31E860047958E /* Build configuration list for PBXNativeTarget "YoloDetection" */ = {
			isa = XCConfigurationList;
			buildConfigurations = (
				214DBD9820D31E860047958E /* Debug */,
				214DBD9920D31E860047958E /* Release */,
			);
			defaultConfigurationIsVisible = 0;
			defaultConfigurationName = Release;
		};
/* End XCConfigurationList section */
	};
	rootObject = 214DBD7D20D31E860047958E /* Project object */;
}
